// !$*UTF8*$!
{
	archiveVersion = 1;
	classes = {
	};
	objectVersion = 46;
	objects = {

/* Begin PBXBuildFile section */
		7CE2E5261B0CE14600A5C621 /* MyUtils.swift in Sources */ = {isa = PBXBuildFile; fileRef = 7CE2E5251B0CE14600A5C621 /* MyUtils.swift */; };
		7CEC3F321B22839E00E40D1D /* backgroundMusic.mp3 in Resources */ = {isa = PBXBuildFile; fileRef = 7CEC3F2D1B22839E00E40D1D /* backgroundMusic.mp3 */; };
		7CEC3F331B22839E00E40D1D /* hitCat.wav in Resources */ = {isa = PBXBuildFile; fileRef = 7CEC3F2E1B22839E00E40D1D /* hitCat.wav */; };
		7CEC3F341B22839E00E40D1D /* hitCatLady.wav in Resources */ = {isa = PBXBuildFile; fileRef = 7CEC3F2F1B22839E00E40D1D /* hitCatLady.wav */; };
		7CEC3F351B22839E00E40D1D /* lose.wav in Resources */ = {isa = PBXBuildFile; fileRef = 7CEC3F301B22839E00E40D1D /* lose.wav */; };
		7CEC3F361B22839E00E40D1D /* win.wav in Resources */ = {isa = PBXBuildFile; fileRef = 7CEC3F311B22839E00E40D1D /* win.wav */; };
		7CF3762B1AF93A4C009B0085 /* AppDelegate.swift in Sources */ = {isa = PBXBuildFile; fileRef = 7CF3762A1AF93A4C009B0085 /* AppDelegate.swift */; };
		7CF3762D1AF93A4C009B0085 /* GameScene.sks in Resources */ = {isa = PBXBuildFile; fileRef = 7CF3762C1AF93A4C009B0085 /* GameScene.sks */; };
		7CF3762F1AF93A4C009B0085 /* GameScene.swift in Sources */ = {isa = PBXBuildFile; fileRef = 7CF3762E1AF93A4C009B0085 /* GameScene.swift */; };
		7CF376311AF93A4C009B0085 /* GameViewController.swift in Sources */ = {isa = PBXBuildFile; fileRef = 7CF376301AF93A4C009B0085 /* GameViewController.swift */; };
		7CF376341AF93A4C009B0085 /* Main.storyboard in Resources */ = {isa = PBXBuildFile; fileRef = 7CF376321AF93A4C009B0085 /* Main.storyboard */; };
		7CF376361AF93A4C009B0085 /* Images.xcassets in Resources */ = {isa = PBXBuildFile; fileRef = 7CF376351AF93A4C009B0085 /* Images.xcassets */; };
		7CF376391AF93A4C009B0085 /* LaunchScreen.xib in Resources */ = {isa = PBXBuildFile; fileRef = 7CF376371AF93A4C009B0085 /* LaunchScreen.xib */; };
		7CF376451AF93A4C009B0085 /* ZombieCongaTests.swift in Sources */ = {isa = PBXBuildFile; fileRef = 7CF376441AF93A4C009B0085 /* ZombieCongaTests.swift */; };
		7CF376551AF93FE5009B0085 /* background1.png in Resources */ = {isa = PBXBuildFile; fileRef = 7CF3764F1AF93FE5009B0085 /* background1.png */; };
		7CF376561AF93FE5009B0085 /* background2.png in Resources */ = {isa = PBXBuildFile; fileRef = 7CF376501AF93FE5009B0085 /* background2.png */; };
		7CF376571AF93FE5009B0085 /* MainMenu.png in Resources */ = {isa = PBXBuildFile; fileRef = 7CF376511AF93FE5009B0085 /* MainMenu.png */; };
		7CF376581AF93FE5009B0085 /* YouLose.png in Resources */ = {isa = PBXBuildFile; fileRef = 7CF376521AF93FE5009B0085 /* YouLose.png */; };
		7CF376591AF93FE5009B0085 /* YouWin.png in Resources */ = {isa = PBXBuildFile; fileRef = 7CF376531AF93FE5009B0085 /* YouWin.png */; };
		7CF3765A1AF93FE5009B0085 /* sprites.atlas in Resources */ = {isa = PBXBuildFile; fileRef = 7CF376541AF93FE5009B0085 /* sprites.atlas */; };
/* End PBXBuildFile section */

/* Begin PBXContainerItemProxy section */
		7CF3763F1AF93A4C009B0085 /* PBXContainerItemProxy */ = {
			isa = PBXContainerItemProxy;
			containerPortal = 7CF3761D1AF93A4C009B0085 /* Project object */;
			proxyType = 1;
			remoteGlobalIDString = 7CF376241AF93A4C009B0085;
			remoteInfo = ZombieConga;
		};
/* End PBXContainerItemProxy section */

/* Begin PBXFileReference section */
		7CE2E5251B0CE14600A5C621 /* MyUtils.swift */ = {isa = PBXFileReference; fileEncoding = 4; lastKnownFileType = sourcecode.swift; path = MyUtils.swift; sourceTree = "<group>"; };
		7CEC3F2D1B22839E00E40D1D /* backgroundMusic.mp3 */ = {isa = PBXFileReference; lastKnownFileType = audio.mp3; path = backgroundMusic.mp3; sourceTree = "<group>"; };
		7CEC3F2E1B22839E00E40D1D /* hitCat.wav */ = {isa = PBXFileReference; lastKnownFileType = audio.wav; path = hitCat.wav; sourceTree = "<group>"; };
		7CEC3F2F1B22839E00E40D1D /* hitCatLady.wav */ = {isa = PBXFileReference; lastKnownFileType = audio.wav; path = hitCatLady.wav; sourceTree = "<group>"; };
		7CEC3F301B22839E00E40D1D /* lose.wav */ = {isa = PBXFileReference; lastKnownFileType = audio.wav; path = lose.wav; sourceTree = "<group>"; };
		7CEC3F311B22839E00E40D1D /* win.wav */ = {isa = PBXFileReference; lastKnownFileType = audio.wav; path = win.wav; sourceTree = "<group>"; };
		7CF376251AF93A4C009B0085 /* ZombieConga.app */ = {isa = PBXFileReference; explicitFileType = wrapper.application; includeInIndex = 0; path = ZombieConga.app; sourceTree = BUILT_PRODUCTS_DIR; };
		7CF376291AF93A4C009B0085 /* Info.plist */ = {isa = PBXFileReference; lastKnownFileType = text.plist.xml; path = Info.plist; sourceTree = "<group>"; };
		7CF3762A1AF93A4C009B0085 /* AppDelegate.swift */ = {isa = PBXFileReference; lastKnownFileType = sourcecode.swift; path = AppDelegate.swift; sourceTree = "<group>"; };
		7CF3762C1AF93A4C009B0085 /* GameScene.sks */ = {isa = PBXFileReference; lastKnownFileType = file.sks; path = GameScene.sks; sourceTree = "<group>"; };
		7CF3762E1AF93A4C009B0085 /* GameScene.swift */ = {isa = PBXFileReference; lastKnownFileType = sourcecode.swift; path = GameScene.swift; sourceTree = "<group>"; };
		7CF376301AF93A4C009B0085 /* GameViewController.swift */ = {isa = PBXFileReference; lastKnownFileType = sourcecode.swift; path = GameViewController.swift; sourceTree = "<group>"; };
		7CF376331AF93A4C009B0085 /* Base */ = {isa = PBXFileReference; lastKnownFileType = file.storyboard; name = Base; path = Base.lproj/Main.storyboard; sourceTree = "<group>"; };
		7CF376351AF93A4C009B0085 /* Images.xcassets */ = {isa = PBXFileReference; lastKnownFileType = folder.assetcatalog; path = Images.xcassets; sourceTree = "<group>"; };
		7CF376381AF93A4C009B0085 /* Base */ = {isa = PBXFileReference; lastKnownFileType = file.xib; name = Base; path = Base.lproj/LaunchScreen.xib; sourceTree = "<group>"; };
		7CF3763E1AF93A4C009B0085 /* ZombieCongaTests.xctest */ = {isa = PBXFileReference; explicitFileType = wrapper.cfbundle; includeInIndex = 0; path = ZombieCongaTests.xctest; sourceTree = BUILT_PRODUCTS_DIR; };
		7CF376431AF93A4C009B0085 /* Info.plist */ = {isa = PBXFileReference; lastKnownFileType = text.plist.xml; path = Info.plist; sourceTree = "<group>"; };
		7CF376441AF93A4C009B0085 /* ZombieCongaTests.swift */ = {isa = PBXFileReference; lastKnownFileType = sourcecode.swift; path = ZombieCongaTests.swift; sourceTree = "<group>"; };
		7CF3764F1AF93FE5009B0085 /* background1.png */ = {isa = PBXFileReference; lastKnownFileType = image.png; path = background1.png; sourceTree = "<group>"; };
		7CF376501AF93FE5009B0085 /* background2.png */ = {isa = PBXFileReference; lastKnownFileType = image.png; path = background2.png; sourceTree = "<group>"; };
		7CF376511AF93FE5009B0085 /* MainMenu.png */ = {isa = PBXFileReference; lastKnownFileType = image.png; path = MainMenu.png; sourceTree = "<group>"; };
		7CF376521AF93FE5009B0085 /* YouLose.png */ = {isa = PBXFileReference; lastKnownFileType = image.png; path = YouLose.png; sourceTree = "<group>"; };
		7CF376531AF93FE5009B0085 /* YouWin.png */ = {isa = PBXFileReference; lastKnownFileType = image.png; path = YouWin.png; sourceTree = "<group>"; };
		7CF376541AF93FE5009B0085 /* sprites.atlas */ = {isa = PBXFileReference; lastKnownFileType = folder.skatlas; name = sprites.atlas; path = ../sprites.atlas; sourceTree = "<group>"; };
/* End PBXFileReference section */

/* Begin PBXFrameworksBuildPhase section */
		7CF376221AF93A4C009B0085 /* Frameworks */ = {
			isa = PBXFrameworksBuildPhase;
			buildActionMask = 2147483647;
			files = (
			);
			runOnlyForDeploymentPostprocessing = 0;
		};
		7CF3763B1AF93A4C009B0085 /* Frameworks */ = {
			isa = PBXFrameworksBuildPhase;
			buildActionMask = 2147483647;
			files = (
			);
			runOnlyForDeploymentPostprocessing = 0;
		};
/* End PBXFrameworksBuildPhase section */

/* Begin PBXGroup section */
		7CEC3F2C1B22839E00E40D1D /* Sounds */ = {
			isa = PBXGroup;
			children = (
				7CEC3F2D1B22839E00E40D1D /* backgroundMusic.mp3 */,
				7CEC3F2E1B22839E00E40D1D /* hitCat.wav */,
				7CEC3F2F1B22839E00E40D1D /* hitCatLady.wav */,
				7CEC3F301B22839E00E40D1D /* lose.wav */,
				7CEC3F311B22839E00E40D1D /* win.wav */,
			);
			name = Sounds;
			path = ../Images/Sounds;
			sourceTree = "<group>";
		};
		7CF3761C1AF93A4C009B0085 = {
			isa = PBXGroup;
			children = (
				7CF376271AF93A4C009B0085 /* ZombieConga */,
				7CF376411AF93A4C009B0085 /* ZombieCongaTests */,
				7CF376261AF93A4C009B0085 /* Products */,
			);
			sourceTree = "<group>";
		};
		7CF376261AF93A4C009B0085 /* Products */ = {
			isa = PBXGroup;
			children = (
				7CF376251AF93A4C009B0085 /* ZombieConga.app */,
				7CF3763E1AF93A4C009B0085 /* ZombieCongaTests.xctest */,
			);
			name = Products;
			sourceTree = "<group>";
		};
		7CF376271AF93A4C009B0085 /* ZombieConga */ = {
			isa = PBXGroup;
			children = (
				7CF3764E1AF93FE5009B0085 /* Images */,
				7CF376541AF93FE5009B0085 /* sprites.atlas */,
				7CEC3F2C1B22839E00E40D1D /* Sounds */,
				7CF3762A1AF93A4C009B0085 /* AppDelegate.swift */,
				7CF3762C1AF93A4C009B0085 /* GameScene.sks */,
				7CF3762E1AF93A4C009B0085 /* GameScene.swift */,
				7CE2E5251B0CE14600A5C621 /* MyUtils.swift */,
				7CF376301AF93A4C009B0085 /* GameViewController.swift */,
				7CF376321AF93A4C009B0085 /* Main.storyboard */,
				7CF376351AF93A4C009B0085 /* Images.xcassets */,
				7CF376371AF93A4C009B0085 /* LaunchScreen.xib */,
				7CF376281AF93A4C009B0085 /* Supporting Files */,
			);
			path = ZombieConga;
			sourceTree = "<group>";
		};
		7CF376281AF93A4C009B0085 /* Supporting Files */ = {
			isa = PBXGroup;
			children = (
				7CF376291AF93A4C009B0085 /* Info.plist */,
			);
			name = "Supporting Files";
			sourceTree = "<group>";
		};
		7CF376411AF93A4C009B0085 /* ZombieCongaTests */ = {
			isa = PBXGroup;
			children = (
				7CF376441AF93A4C009B0085 /* ZombieCongaTests.swift */,
				7CF376421AF93A4C009B0085 /* Supporting Files */,
			);
			path = ZombieCongaTests;
			sourceTree = "<group>";
		};
		7CF376421AF93A4C009B0085 /* Supporting Files */ = {
			isa = PBXGroup;
			children = (
				7CF376431AF93A4C009B0085 /* Info.plist */,
			);
			name = "Supporting Files";
			sourceTree = "<group>";
		};
		7CF3764E1AF93FE5009B0085 /* Images */ = {
			isa = PBXGroup;
			children = (
				7CF3764F1AF93FE5009B0085 /* background1.png */,
				7CF376501AF93FE5009B0085 /* background2.png */,
				7CF376511AF93FE5009B0085 /* MainMenu.png */,
				7CF376521AF93FE5009B0085 /* YouLose.png */,
				7CF376531AF93FE5009B0085 /* YouWin.png */,
			);
			name = Images;
			path = ../Images;
			sourceTree = "<group>";
		};
/* End PBXGroup section */

/* Begin PBXNativeTarget section */
		7CF376241AF93A4C009B0085 /* ZombieConga */ = {
			isa = PBXNativeTarget;
			buildConfigurationList = 7CF376481AF93A4C009B0085 /* Build configuration list for PBXNativeTarget "ZombieConga" */;
			buildPhases = (
				7CF376211AF93A4C009B0085 /* Sources */,
				7CF376221AF93A4C009B0085 /* Frameworks */,
				7CF376231AF93A4C009B0085 /* Resources */,
			);
			buildRules = (
			);
			dependencies = (
			);
			name = ZombieConga;
			productName = ZombieConga;
			productReference = 7CF376251AF93A4C009B0085 /* ZombieConga.app */;
			productType = "com.apple.product-type.application";
		};
		7CF3763D1AF93A4C009B0085 /* ZombieCongaTests */ = {
			isa = PBXNativeTarget;
			buildConfigurationList = 7CF3764B1AF93A4C009B0085 /* Build configuration list for PBXNativeTarget "ZombieCongaTests" */;
			buildPhases = (
				7CF3763A1AF93A4C009B0085 /* Sources */,
				7CF3763B1AF93A4C009B0085 /* Frameworks */,
				7CF3763C1AF93A4C009B0085 /* Resources */,
			);
			buildRules = (
			);
			dependencies = (
				7CF376401AF93A4C009B0085 /* PBXTargetDependency */,
			);
			name = ZombieCongaTests;
			productName = ZombieCongaTests;
			productReference = 7CF3763E1AF93A4C009B0085 /* ZombieCongaTests.xctest */;
			productType = "com.apple.product-type.bundle.unit-test";
		};
/* End PBXNativeTarget section */

/* Begin PBXProject section */
		7CF3761D1AF93A4C009B0085 /* Project object */ = {
			isa = PBXProject;
			attributes = {
				LastUpgradeCheck = 0630;
				ORGANIZATIONNAME = "Giving Tree";
				TargetAttributes = {
					7CF376241AF93A4C009B0085 = {
						CreatedOnToolsVersion = 6.3.1;
					};
					7CF3763D1AF93A4C009B0085 = {
						CreatedOnToolsVersion = 6.3.1;
						TestTargetID = 7CF376241AF93A4C009B0085;
					};
				};
			};
			buildConfigurationList = 7CF376201AF93A4C009B0085 /* Build configuration list for PBXProject "ZombieConga" */;
			compatibilityVersion = "Xcode 3.2";
			developmentRegion = English;
			hasScannedForEncodings = 0;
			knownRegions = (
				en,
				Base,
			);
			mainGroup = 7CF3761C1AF93A4C009B0085;
			productRefGroup = 7CF376261AF93A4C009B0085 /* Products */;
			projectDirPath = "";
			projectRoot = "";
			targets = (
				7CF376241AF93A4C009B0085 /* ZombieConga */,
				7CF3763D1AF93A4C009B0085 /* ZombieCongaTests */,
			);
		};
/* End PBXProject section */

/* Begin PBXResourcesBuildPhase section */
		7CF376231AF93A4C009B0085 /* Resources */ = {
			isa = PBXResourcesBuildPhase;
			buildActionMask = 2147483647;
			files = (
				7CEC3F321B22839E00E40D1D /* backgroundMusic.mp3 in Resources */,
				7CF3765A1AF93FE5009B0085 /* sprites.atlas in Resources */,
				7CF376391AF93A4C009B0085 /* LaunchScreen.xib in Resources */,
				7CEC3F361B22839E00E40D1D /* win.wav in Resources */,
				7CEC3F351B22839E00E40D1D /* lose.wav in Resources */,
				7CEC3F331B22839E00E40D1D /* hitCat.wav in Resources */,
				7CEC3F341B22839E00E40D1D /* hitCatLady.wav in Resources */,
				7CF376571AF93FE5009B0085 /* MainMenu.png in Resources */,
				7CF376361AF93A4C009B0085 /* Images.xcassets in Resources */,
				7CF3762D1AF93A4C009B0085 /* GameScene.sks in Resources */,
				7CF376551AF93FE5009B0085 /* background1.png in Resources */,
				7CF376561AF93FE5009B0085 /* background2.png in Resources */,
				7CF376591AF93FE5009B0085 /* YouWin.png in Resources */,
				7CF376581AF93FE5009B0085 /* YouLose.png in Resources */,
				7CF376341AF93A4C009B0085 /* Main.storyboard in Resources */,
			);
			runOnlyForDeploymentPostprocessing = 0;
		};
		7CF3763C1AF93A4C009B0085 /* Resources */ = {
			isa = PBXResourcesBuildPhase;
			buildActionMask = 2147483647;
			files = (
			);
			runOnlyForDeploymentPostprocessing = 0;
		};
/* End PBXResourcesBuildPhase section */

/* Begin PBXSourcesBuildPhase section */
		7CF376211AF93A4C009B0085 /* Sources */ = {
			isa = PBXSourcesBuildPhase;
			buildActionMask = 2147483647;
			files = (
				7CF3762F1AF93A4C009B0085 /* GameScene.swift in Sources */,
				7CF376311AF93A4C009B0085 /* GameViewController.swift in Sources */,
				7CF3762B1AF93A4C009B0085 /* AppDelegate.swift in Sources */,
				7CE2E5261B0CE14600A5C621 /* MyUtils.swift in Sources */,
			);
			runOnlyForDeploymentPostprocessing = 0;
		};
		7CF3763A1AF93A4C009B0085 /* Sources */ = {
			isa = PBXSourcesBuildPhase;
			buildActionMask = 2147483647;
			files = (
				7CF376451AF93A4C009B0085 /* ZombieCongaTests.swift in Sources */,
			);
			runOnlyForDeploymentPostprocessing = 0;
		};
/* End PBXSourcesBuildPhase section */

/* Begin PBXTargetDependency section */
		7CF376401AF93A4C009B0085 /* PBXTargetDependency */ = {
			isa = PBXTargetDependency;
			target = 7CF376241AF93A4C009B0085 /* ZombieConga */;
			targetProxy = 7CF3763F1AF93A4C009B0085 /* PBXContainerItemProxy */;
		};
/* End PBXTargetDependency section */

/* Begin PBXVariantGroup section */
		7CF376321AF93A4C009B0085 /* Main.storyboard */ = {
			isa = PBXVariantGroup;
			children = (
				7CF376331AF93A4C009B0085 /* Base */,
			);
			name = Main.storyboard;
			sourceTree = "<group>";
		};
		7CF376371AF93A4C009B0085 /* LaunchScreen.xib */ = {
			isa = PBXVariantGroup;
			children = (
				7CF376381AF93A4C009B0085 /* Base */,
			);
			name = LaunchScreen.xib;
			sourceTree = "<group>";
		};
/* End PBXVariantGroup section */

/* Begin XCBuildConfiguration section */
		7CF376461AF93A4C009B0085 /* Debug */ = {
			isa = XCBuildConfiguration;
			buildSettings = {
				ALWAYS_SEARCH_USER_PATHS = NO;
				CLANG_CXX_LANGUAGE_STANDARD = "gnu++0x";
				CLANG_CXX_LIBRARY = "libc++";
				CLANG_ENABLE_MODULES = YES;
				CLANG_ENABLE_OBJC_ARC = YES;
				CLANG_WARN_BOOL_CONVERSION = YES;
				CLANG_WARN_CONSTANT_CONVERSION = YES;
				CLANG_WARN_DIRECT_OBJC_ISA_USAGE = YES_ERROR;
				CLANG_WARN_EMPTY_BODY = YES;
				CLANG_WARN_ENUM_CONVERSION = YES;
				CLANG_WARN_INT_CONVERSION = YES;
				CLANG_WARN_OBJC_ROOT_CLASS = YES_ERROR;
				CLANG_WARN_UNREACHABLE_CODE = YES;
				CLANG_WARN__DUPLICATE_METHOD_MATCH = YES;
				"CODE_SIGN_IDENTITY[sdk=iphoneos*]" = "iPhone Developer";
				COPY_PHASE_STRIP = NO;
				DEBUG_INFORMATION_FORMAT = "dwarf-with-dsym";
				ENABLE_STRICT_OBJC_MSGSEND = YES;
				GCC_C_LANGUAGE_STANDARD = gnu99;
				GCC_DYNAMIC_NO_PIC = NO;
				GCC_NO_COMMON_BLOCKS = YES;
				GCC_OPTIMIZATION_LEVEL = 0;
				GCC_PREPROCESSOR_DEFINITIONS = (
					"DEBUG=1",
					"$(inherited)",
				);
				GCC_SYMBOLS_PRIVATE_EXTERN = NO;
				GCC_WARN_64_TO_32_BIT_CONVERSION = YES;
				GCC_WARN_ABOUT_RETURN_TYPE = YES_ERROR;
				GCC_WARN_UNDECLARED_SELECTOR = YES;
				GCC_WARN_UNINITIALIZED_AUTOS = YES_AGGRESSIVE;
				GCC_WARN_UNUSED_FUNCTION = YES;
				GCC_WARN_UNUSED_VARIABLE = YES;
				IPHONEOS_DEPLOYMENT_TARGET = 8.3;
				MTL_ENABLE_DEBUG_INFO = YES;
				ONLY_ACTIVE_ARCH = YES;
				SDKROOT = iphoneos;
				SWIFT_OPTIMIZATION_LEVEL = "-Onone";
			};
			name = Debug;
		};
		7CF376471AF93A4C009B0085 /* Release */ = {
			isa = XCBuildConfiguration;
			buildSettings = {
				ALWAYS_SEARCH_USER_PATHS = NO;
				CLANG_CXX_LANGUAGE_STANDARD = "gnu++0x";
				CLANG_CXX_LIBRARY = "libc++";
				CLANG_ENABLE_MODULES = YES;
				CLANG_ENABLE_OBJC_ARC = YES;
				CLANG_WARN_BOOL_CONVERSION = YES;
				CLANG_WARN_CONSTANT_CONVERSION = YES;
				CLANG_WARN_DIRECT_OBJC_ISA_USAGE = YES_ERROR;
				CLANG_WARN_EMPTY_BODY = YES;
				CLANG_WARN_ENUM_CONVERSION = YES;
				CLANG_WARN_INT_CONVERSION = YES;
				CLANG_WARN_OBJC_ROOT_CLASS = YES_ERROR;
				CLANG_WARN_UNREACHABLE_CODE = YES;
				CLANG_WARN__DUPLICATE_METHOD_MATCH = YES;
				"CODE_SIGN_IDENTITY[sdk=iphoneos*]" = "iPhone Developer";
				COPY_PHASE_STRIP = NO;
				DEBUG_INFORMATION_FORMAT = "dwarf-with-dsym";
				ENABLE_NS_ASSERTIONS = NO;
				ENABLE_STRICT_OBJC_MSGSEND = YES;
				GCC_C_LANGUAGE_STANDARD = gnu99;
				GCC_NO_COMMON_BLOCKS = YES;
				GCC_WARN_64_TO_32_BIT_CONVERSION = YES;
				GCC_WARN_ABOUT_RETURN_TYPE = YES_ERROR;
				GCC_WARN_UNDECLARED_SELECTOR = YES;
				GCC_WARN_UNINITIALIZED_AUTOS = YES_AGGRESSIVE;
				GCC_WARN_UNUSED_FUNCTION = YES;
				GCC_WARN_UNUSED_VARIABLE = YES;
				IPHONEOS_DEPLOYMENT_TARGET = 8.3;
				MTL_ENABLE_DEBUG_INFO = NO;
				SDKROOT = iphoneos;
				VALIDATE_PRODUCT = YES;
			};
			name = Release;
		};
		7CF376491AF93A4C009B0085 /* Debug */ = {
			isa = XCBuildConfiguration;
			buildSettings = {
				ASSETCATALOG_COMPILER_APPICON_NAME = AppIcon;
				INFOPLIST_FILE = ZombieConga/Info.plist;
				LD_RUNPATH_SEARCH_PATHS = "$(inherited) @executable_path/Frameworks";
				PRODUCT_NAME = "$(TARGET_NAME)";
			};
			name = Debug;
		};
		7CF3764A1AF93A4C009B0085 /* Release */ = {
			isa = XCBuildConfiguration;
			buildSettings = {
				ASSETCATALOG_COMPILER_APPICON_NAME = AppIcon;
				INFOPLIST_FILE = ZombieConga/Info.plist;
				LD_RUNPATH_SEARCH_PATHS = "$(inherited) @executable_path/Frameworks";
				PRODUCT_NAME = "$(TARGET_NAME)";
			};
			name = Release;
		};
		7CF3764C1AF93A4C009B0085 /* Debug */ = {
			isa = XCBuildConfiguration;
			buildSettings = {
				BUNDLE_LOADER = "$(TEST_HOST)";
				FRAMEWORK_SEARCH_PATHS = (
					"$(SDKROOT)/Developer/Library/Frameworks",
					"$(inherited)",
				);
				GCC_PREPROCESSOR_DEFINITIONS = (
					"DEBUG=1",
					"$(inherited)",
				);
				INFOPLIST_FILE = ZombieCongaTests/Info.plist;
				LD_RUNPATH_SEARCH_PATHS = "$(inherited) @executable_path/Frameworks @loader_path/Frameworks";
				PRODUCT_NAME = "$(TARGET_NAME)";
				TEST_HOST = "$(BUILT_PRODUCTS_DIR)/ZombieConga.app/ZombieConga";
			};
			name = Debug;
		};
		7CF3764D1AF93A4C009B0085 /* Release */ = {
			isa = XCBuildConfiguration;
			buildSettings = {
				BUNDLE_LOADER = "$(TEST_HOST)";
				FRAMEWORK_SEARCH_PATHS = (
					"$(SDKROOT)/Developer/Library/Frameworks",
					"$(inherited)",
				);
				INFOPLIST_FILE = ZombieCongaTests/Info.plist;
				LD_RUNPATH_SEARCH_PATHS = "$(inherited) @executable_path/Frameworks @loader_path/Frameworks";
				PRODUCT_NAME = "$(TARGET_NAME)";
				TEST_HOST = "$(BUILT_PRODUCTS_DIR)/ZombieConga.app/ZombieConga";
			};
			name = Release;
		};
/* End XCBuildConfiguration section */

/* Begin XCConfigurationList section */
		7CF376201AF93A4C009B0085 /* Build configuration list for PBXProject "ZombieConga" */ = {
			isa = XCConfigurationList;
			buildConfigurations = (
				7CF376461AF93A4C009B0085 /* Debug */,
				7CF376471AF93A4C009B0085 /* Release */,
			);
			defaultConfigurationIsVisible = 0;
			defaultConfigurationName = Release;
		};
		7CF376481AF93A4C009B0085 /* Build configuration list for PBXNativeTarget "ZombieConga" */ = {
			isa = XCConfigurationList;
			buildConfigurations = (
				7CF376491AF93A4C009B0085 /* Debug */,
				7CF3764A1AF93A4C009B0085 /* Release */,
			);
			defaultConfigurationIsVisible = 0;
			defaultConfigurationName = Release;
		};
		7CF3764B1AF93A4C009B0085 /* Build configuration list for PBXNativeTarget "ZombieCongaTests" */ = {
			isa = XCConfigurationList;
			buildConfigurations = (
				7CF3764C1AF93A4C009B0085 /* Debug */,
				7CF3764D1AF93A4C009B0085 /* Release */,
			);
			defaultConfigurationIsVisible = 0;
			defaultConfigurationName = Release;
		};
/* End XCConfigurationList section */
	};
	rootObject = 7CF3761D1AF93A4C009B0085 /* Project object */;
}
